
Microsoft Visual Studio Solution File, Format Version 12.00
# Visual Studio Version 17
VisualStudioVersion = 17.3.32819.101
MinimumVisualStudioVersion = 10.0.40219.1
Project("{FAE04EC0-301F-11D3-BF4B-00C04F79EFBC}") = "Loop functions", "Loop functions\Loop functions.csproj", "{AB363383-17DD-4D4D-9928-4834ABB35474}"
EndProject
Global
	GlobalSection(SolutionConfigurationPlatforms) = preSolution
		Debug|Any CPU = Debug|Any CPU
		Release|Any CPU = Release|Any CPU
	EndGlobalSection
	GlobalSection(ProjectConfigurationPlatforms) = postSolution
		{AB363383-17DD-4D4D-9928-4834ABB35474}.Debug|Any CPU.ActiveCfg = Debug|Any CPU
		{AB363383-17DD-4D4D-9928-4834ABB35474}.Debug|Any CPU.Build.0 = Debug|Any CPU
		{AB363383-17DD-4D4D-9928-4834ABB35474}.Release|Any CPU.ActiveCfg = Release|Any CPU
		{AB363383-17DD-4D4D-9928-4834ABB35474}.Release|Any CPU.Build.0 = Release|Any CPU
	EndGlobalSection
	GlobalSection(SolutionProperties) = preSolution
		HideSolutionNode = FALSE
	EndGlobalSection
	GlobalSection(ExtensibilityGlobals) = postSolution
		SolutionGuid = {373FA068-E440-4EE2-ADB9-D778A79A8A7B}
	EndGlobalSection
EndGlobal
